
Microsoft Visual Studio Solution File, Format Version 12.00
# Visual Studio Version 17
VisualStudioVersion = 17.2.32516.85
MinimumVisualStudioVersion = 10.0.40219.1
Project("{9A19103F-16F7-4668-BE54-9A1E7A4F7556}") = "PizzaHub", "PizzaHub\PizzaHub.csproj", "{366E0368-C64F-4A71-8925-04FD8DD66AF1}"
EndProject
Project("{FAE04EC0-301F-11D3-BF4B-00C04F79EFBC}") = "Selenium.Test.PizzaHub", "Selenium.Test.PizzaHub\Selenium.Test.PizzaHub.csproj", "{F982C03E-9E2A-45C4-B90A-A1A0E33F721A}"
EndProject
Project("{FAE04EC0-301F-11D3-BF4B-00C04F79EFBC}") = "SpecFlow.Test.PizzaHub", "SpecFlow.Test.PizzaHub\SpecFlow.Test.PizzaHub.csproj", "{A091D661-7D47-4652-99A1-7A7F8B8BECC4}"
EndProject
Global
	GlobalSection(SolutionConfigurationPlatforms) = preSolution
		Debug|Any CPU = Debug|Any CPU
		Release|Any CPU = Release|Any CPU
	EndGlobalSection
	GlobalSection(ProjectConfigurationPlatforms) = postSolution
		{366E0368-C64F-4A71-8925-04FD8DD66AF1}.Debug|Any CPU.ActiveCfg = Debug|Any CPU
		{366E0368-C64F-4A71-8925-04FD8DD66AF1}.Debug|Any CPU.Build.0 = Debug|Any CPU
		{366E0368-C64F-4A71-8925-04FD8DD66AF1}.Release|Any CPU.ActiveCfg = Release|Any CPU
		{366E0368-C64F-4A71-8925-04FD8DD66AF1}.Release|Any CPU.Build.0 = Release|Any CPU
		{F982C03E-9E2A-45C4-B90A-A1A0E33F721A}.Debug|Any CPU.ActiveCfg = Debug|Any CPU
		{F982C03E-9E2A-45C4-B90A-A1A0E33F721A}.Debug|Any CPU.Build.0 = Debug|Any CPU
		{F982C03E-9E2A-45C4-B90A-A1A0E33F721A}.Release|Any CPU.ActiveCfg = Release|Any CPU
		{F982C03E-9E2A-45C4-B90A-A1A0E33F721A}.Release|Any CPU.Build.0 = Release|Any CPU
		{A091D661-7D47-4652-99A1-7A7F8B8BECC4}.Debug|Any CPU.ActiveCfg = Debug|Any CPU
		{A091D661-7D47-4652-99A1-7A7F8B8BECC4}.Debug|Any CPU.Build.0 = Debug|Any CPU
		{A091D661-7D47-4652-99A1-7A7F8B8BECC4}.Release|Any CPU.ActiveCfg = Release|Any CPU
		{A091D661-7D47-4652-99A1-7A7F8B8BECC4}.Release|Any CPU.Build.0 = Release|Any CPU
	EndGlobalSection
	GlobalSection(SolutionProperties) = preSolution
		HideSolutionNode = FALSE
	EndGlobalSection
	GlobalSection(ExtensibilityGlobals) = postSolution
		SolutionGuid = {62BBE764-78B6-491B-89E1-B56B6E3AD306}
	EndGlobalSection
EndGlobal
